
Microsoft Visual Studio Solution File, Format Version 12.00
# Visual Studio Version 16
VisualStudioVersion = 16.0.30804.86
MinimumVisualStudioVersion = 10.0.40219.1
Project("{FAE04EC0-301F-11D3-BF4B-00C04F79EFBC}") = "InvoicePrintingApp", "InvoicePrintingApp\InvoicePrintingApp.csproj", "{96A623F9-E5C5-4B62-AE04-08F33A075399}"
EndProject
Global
	GlobalSection(SolutionConfigurationPlatforms) = preSolution
		Debug|Any CPU = Debug|Any CPU
		Release|Any CPU = Release|Any CPU
	EndGlobalSection
	GlobalSection(ProjectConfigurationPlatforms) = postSolution
		{96A623F9-E5C5-4B62-AE04-08F33A075399}.Debug|Any CPU.ActiveCfg = Debug|Any CPU
		{96A623F9-E5C5-4B62-AE04-08F33A075399}.Debug|Any CPU.Build.0 = Debug|Any CPU
		{96A623F9-E5C5-4B62-AE04-08F33A075399}.Release|Any CPU.ActiveCfg = Release|Any CPU
		{96A623F9-E5C5-4B62-AE04-08F33A075399}.Release|Any CPU.Build.0 = Release|Any CPU
	EndGlobalSection
	GlobalSection(SolutionProperties) = preSolution
		HideSolutionNode = FALSE
	EndGlobalSection
	GlobalSection(ExtensibilityGlobals) = postSolution
		SolutionGuid = {CE1815DC-DB1E-4B24-A8DE-9A2E4B299397}
	EndGlobalSection
EndGlobal
